// !$*UTF8*$!
{
	archiveVersion = 1;
	classes = {
	};
	objectVersion = 56;
	objects = {

	00266C99B40A1A88754A83F2 = {
		isa = PBXBuildFile;
		fileRef = B7241800D60C73BB38025BBB;
	};

	00C45FD35CB0F9C5F764F070 = {
		isa = PBXGroup;
		children = (
			F175EDC040AE768BED34CAA4,
			C454C15D80121CBA073EEBE8,
			AC0E2599A576534DDAEEE6BF,
			2AE13A41D86A3659A292E1E5,
			CFE091619B11103B174A8AF4,
		);
		name = Products;
		sourceTree = "<group>";
	};

	00EE8033D4CFD10142294C34 = {
		isa = PBXBuildFile;
		fileRef = CD39EB362757501DD18C7617;
	};

	026755A5AEE3DBDB087175AC = {
		isa = PBXBuildFile;
		fileRef = 1E77D2F5881A167064871C23;
	};

	0267AA73F45008C1962BF988 = {
		isa = PBXFileReference;
		lastKnownFileType = sourcecode.swift;
		path = Sources/MeowPlannerApp/Views/Calendar/MonthGridView.swift;
		sourceTree = "<group>";
	};

	0333CCFB5F289DC1337AFAED = {
		isa = PBXCopyFilesBuildPhase;
		buildActionMask = 2147483647;
		dstSubfolderSpec = 10;
		files = (
			4F3D78C43E6CB42C68008553,
		);
		name = "Embed Frameworks";
		runOnlyForDeploymentPostprocessing = 0;
	};

	0346D3E0A98991BAF579E9B4 = {
		isa = PBXFileReference;
		lastKnownFileType = folder;
		path = Resources/AppIcon;
		sourceTree = "<group>";
	};

	03B5A24E19D20744E267F0DB = {
		isa = XCSwiftPackageProductDependency;
		package = 7CAD6D28479CBF8021199213;
		productName = FirebaseFirestore;
	};

	040686DDAF33884C5AA3A0E9 = {
		isa = PBXFileReference;
		lastKnownFileType = sourcecode.swift;
		path = Sources/MeowPlannerCore/Models/TodoItem.swift;
		sourceTree = "<group>";
	};

	041CD91A5B4286E3FCBB2A73 = {
		isa = PBXBuildFile;
		fileRef = 27F37EBD6A4EDE31E2A8E34C;
	};

	0439AB6DED5B56F0F569B7F7 = {
		isa = PBXBuildFile;
		fileRef = 4C89319678BA0EBFF93AE4C8;
	};

	077911CF831D31482C0E5BC3 = {
		isa = PBXFileReference;
		lastKnownFileType = sourcecode.swift;
		path = Sources/MeowPlannerApp/Views/Account/AccountGatedRootView.swift;
		sourceTree = "<group>";
	};

	095BFAC1C1CCA5BBBA3D0723 = {
		isa = PBXBuildFile;
		fileRef = BF533C5A7D54E18C37C98089;
	};

	09D7408677F186324C1B7477 = {
		isa = PBXBuildFile;
		fileRef = 33193FACACEF39E3A48ED164;
	};

	09EB277CC8E726D088CB93C1 = {
		isa = XCBuildConfiguration;
		name = Debug;
			buildSettings = {
				ASSETCATALOG_COMPILER_APPICON_NAME = AppIcon;
				CODE_SIGN_ENTITLEMENTS = Config/MeowPlanner-iOS.entitlements;
				CODE_SIGN_STYLE = Automatic;
				DEVELOPMENT_ASSET_PATHS = "";
				DEVELOPMENT_TEAM = "";
				ENABLE_PREVIEWS = YES;
				INFOPLIST_FILE = Config/MeowPlanner-iOS-Info.plist;
				IPHONEOS_DEPLOYMENT_TARGET = 17.0;
				LD_RUNPATH_SEARCH_PATHS = (
					"$(inherited)",
					"@executable_path/Frameworks",
				);
				PRODUCT_BUNDLE_IDENTIFIER = com.yuelingqiu.MeowPlanner;
				PRODUCT_NAME = MeowPlanner;
				SDKROOT = iphoneos;
				SUPPORTED_PLATFORMS = (
					iphoneos,
					iphonesimulator,
				);
				SWIFT_VERSION = 6.0;
				TARGETED_DEVICE_FAMILY = "1,2";
			};
	};

	0BABA6B1551618680567CECC = {
		isa = PBXBuildFile;
		fileRef = E7948FDA3B2676DF5F2B24D0;
	};

	0BD8C2DCCBA78DBEAED23746 = {
		isa = PBXFileReference;
		lastKnownFileType = file;
		path = Resources/iOSBackground.png;
		sourceTree = "<group>";
	};

	0CAD04C79FF72FFF6BEA75D4 = {
		isa = PBXFileReference;
		lastKnownFileType = text.plist.xml;
		path = Config/MeowPlanner-iOS.entitlements;
		sourceTree = "<group>";
	};

	0D93599C20BD6051ED3990E0 = {
		isa = PBXBuildFile;
		productRef = 528C401C34C3045570C1E71F;
	};

	0FEBC0367BFD5C098E8BF3CF = {
		isa = PBXBuildFile;
		fileRef = 317E43A0AAD9986BF5C0A889;
	};

	1277AA39ABF53256B86CC887 = {
		isa = PBXFileReference;
		lastKnownFileType = sourcecode.swift;
		path = Sources/MeowPlannerCore/Support/WeekStartPreference.swift;
		sourceTree = "<group>";
	};

	12E7CDB02704A3157FCEDFDA = {
		isa = PBXBuildFile;
		fileRef = 721CE965314E162B64D1610B;
	};

	130E4EE8EEA6B4C960D77468 = {
		isa = PBXBuildFile;
		productRef = 528C401C34C3045570C1E71F;
	};

	136D64B7BA340B68073C7509 = {
		isa = PBXBuildFile;
		fileRef = E53A53935F52CE486D4263E0;
	};

	139D9296E14BA8CEB088F875 = {
		isa = PBXBuildFile;
		fileRef = 5B80C87A96566DBD71652C47;
	};

	140969924C862525DB104150 = {
		isa = PBXFrameworksBuildPhase;
		buildActionMask = 2147483647;
		files = (
			79D33856E36A59A6B282D01D,
		);
		runOnlyForDeploymentPostprocessing = 0;
	};

	147C4662444631333629C1A4 = {
		isa = XCSwiftPackageProductDependency;
		package = 7CAD6D28479CBF8021199213;
		productName = FirebaseCore;
	};

	14FD65A4806626C6882F1503 = {
		isa = PBXBuildFile;
		fileRef = D8547D30C056663E71FE08EC;
	};

	15B662772158AA826E77EB9F = {
		isa = PBXBuildFile;
		fileRef = C454C15D80121CBA073EEBE8;
		settings = {ATTRIBUTES = (CodeSignOnCopy, RemoveHeadersOnCopy, ); };
	};

	15FF09A6EDBF3652186847FB = {
		isa = PBXBuildFile;
		fileRef = 53FFE9382A5AE05C52D0840B;
	};

	16D0877D40AABBFF3353CB7B = {
		isa = PBXBuildFile;
		fileRef = 9D84EEF9584A8114C70E9EFB;
	};

	17B6F0B545E2305FB872B822 = {
		isa = PBXBuildFile;
		fileRef = 318D18021CA4172EF5AE92DC;
	};

	180BB19C6150BD0D387EFFDA = {
		isa = PBXNativeTarget;
		buildConfigurationList = BA44B14C8F78B2A72038244D;
		buildPhases = (
			9E30C08527637D5E3D8D1B2A,
			BDC75CA619DD1F6251DB3631,
			9EBC7FF56B5741A8D9D0E80A,
		);
		buildRules = (
		);
		dependencies = (
		);
		name = MeowPlannerCore;
		packageProductDependencies = (
		);
		productName = MeowPlannerCore;
		productReference = C454C15D80121CBA073EEBE8;
		productType = "com.apple.product-type.framework";
	};

	1817CB429C33608EE59C960C = {
		isa = PBXBuildFile;
		fileRef = B9056A05FB7CE51EC5814456;
	};

	189704E89A2B823FABE7B489 = {
		isa = PBXBuildFile;
		fileRef = 547C45178EDD46F7C2D621D9;
	};

	18DBB8BE4C04D49695695A1A = {
		isa = PBXFileReference;
		lastKnownFileType = sourcecode.swift;
		path = Sources/MeowPlannerApp/Support/AccountSessionStore.swift;
		sourceTree = "<group>";
	};

	1939428BF237C1AFB440C3B2 = {
		isa = PBXResourcesBuildPhase;
		buildActionMask = 2147483647;
		files = (
		);
		runOnlyForDeploymentPostprocessing = 0;
	};

	19A70435264C701F0E43E20B = {
		isa = PBXBuildFile;
		fileRef = BFE3C6F343234E2F26520FB8;
	};

	1A73461FBB993DE0B898AD34 = {
		isa = PBXSourcesBuildPhase;
		buildActionMask = 2147483647;
		files = (
			7EB8CA52586E7A58E1916579,
			81CD3D30ABBE32DA4517598A,
			FCA728FFE2D71BE926F8528E,
			6829FA8A477BD2D09199C9EB,
			C195057EFA88F54C498DCACD,
			68AF3BFD7FFEEEBF79724300,
			DA02863872E437B61F417B3F,
			3A74A1B33BA1AF3C10594A9E,
			C73243B5FB5F509A92B71410,
			B7EAC8CC8C657E710C49089A,
			88F15A726917E2CD910233AE,
			36F202BCFF3F7773C868BFCC,
			7859B50E888D9BA959C1BF3A,
			B635C4FA90627088C740A29D,
			50C10E819A66D0557B752C26,
			9F5D31D4B87DAC2F67542B62,
			B9F3A196ACBA4274A5989E23,
			C3AEACE441B1CAE00BC3B1A3,
			7B2C85655704FE71DFDB68C1,
			9D168680780B08F377EF8D09,
			BC3E3253E23F644D0E360691,
			4CCC9422EC1F987DD4F4B420,
			E107676B3776172843A29847,
			5CADD55F7ADB2CB3BC8A6ABF,
			041CD91A5B4286E3FCBB2A73,
			5CD11A8BAE33517676834840,
			3921CA11A5F67EA0E0EA4D0A,
			F6765301EDE5D0D1760F6489,
		);
		runOnlyForDeploymentPostprocessing = 0;
	};

	1B6C00CDB3AE603833DF830D = {
		isa = PBXFileReference;
		lastKnownFileType = sourcecode.swift;
		path = Sources/MeowPlannerApp/Views/Settings/AccountSettingsSection.swift;
		sourceTree = "<group>";
	};

	1BDEA66D31E9CFD9E8277B43 = {
		isa = XCConfigurationList;
		buildConfigurations = (
			09EB277CC8E726D088CB93C1,
			7FF4B2B0BE1FA2630B96B1D1,
		);
		defaultConfigurationIsVisible = 0;
		defaultConfigurationName = Release;
	};

	1C8FBFAD31855F4EC7CF8CA8 = {
		isa = PBXBuildFile;
		fileRef = 317E43A0AAD9986BF5C0A889;
	};

	1CC47386F9B56DC0DCB91C6D = {
		isa = PBXContainerItemProxy;
		containerPortal = 98F54143AB4E86B28C3AFEE0;
		proxyType = 1;
		remoteGlobalIDString = 180BB19C6150BD0D387EFFDA;
		remoteInfo = MeowPlannerCore;
	};

	1DC9D96284853401583D5294 = {
		isa = PBXBuildFile;
		fileRef = 38F6F5CA40C95F3BE67F769C;
	};

	1E482FB6489F08186495E686 = {
		isa = PBXBuildFile;
		fileRef = FA98C30EA1AFDA9CBB767013;
	};

	1E77D2F5881A167064871C23 = {
		isa = PBXFileReference;
		lastKnownFileType = sourcecode.swift;
		path = Sources/MeowPlannerCore/Models/HabitCheckIn.swift;
		sourceTree = "<group>";
	};

	201C1DEEDA77D9F32E235D3B = {
		isa = PBXFrameworksBuildPhase;
		buildActionMask = 2147483647;
		files = (
		);
		runOnlyForDeploymentPostprocessing = 0;
	};

	207C68EDE1DD787C3F3D6DF4 = {
		isa = PBXBuildFile;
		fileRef = A9EA7632D4F30E1B84B0ED83;
	};

	21187C2CBBFA69A67107AC4A = {
		isa = PBXBuildFile;
		fileRef = 0346D3E0A98991BAF579E9B4;
	};

	22D02A9EFAC9B3FBBAEBE062 = {
		isa = PBXGroup;
		children = (
			B7241800D60C73BB38025BBB,
			D490E87E55B480C82A0659D9,
			318D18021CA4172EF5AE92DC,
			0BD8C2DCCBA78DBEAED23746,
			FB2EDE17BEE61AFC2B88A112,
			F35C76A143A1080A06A20D54,
			0346D3E0A98991BAF579E9B4,
			317E43A0AAD9986BF5C0A889,
		);
		name = Resources;
		sourceTree = "<group>";
	};

	24A04CAA495D579768B6F716 = {
		isa = PBXFileReference;
		lastKnownFileType = sourcecode.swift;
		path = Sources/MeowPlannerCore/Models/FocusSession.swift;
		sourceTree = "<group>";
	};

	2554A3BA8D9DE94198B57397 = {
		isa = PBXCopyFilesBuildPhase;
		buildActionMask = 2147483647;
		dstSubfolderSpec = 10;
		files = (
			15B662772158AA826E77EB9F,
		);
		name = "Embed Frameworks";
		runOnlyForDeploymentPostprocessing = 0;
	};

	26C54ABE4EE33D42CDD967CD = {
		isa = PBXTargetDependency;
		target = 180BB19C6150BD0D387EFFDA;
		targetProxy = 9AEB430E8B5C0A638222EAB7;
	};

	27F37EBD6A4EDE31E2A8E34C = {
		isa = PBXFileReference;
		lastKnownFileType = sourcecode.swift;
		path = Sources/MeowPlannerApp/Views/Settings/SettingsView.swift;
		sourceTree = "<group>";
	};

	29ABCCFEF181D76CCE50A9C7 = {
		isa = PBXBuildFile;
		fileRef = 5229A11767BD315215460B82;
	};

	2AE13A41D86A3659A292E1E5 = {
		isa = PBXFileReference;
		explicitFileType = wrapper.application;
		includeInIndex = 0;
		path = MeowPlanner.app;
		sourceTree = BUILT_PRODUCTS_DIR;
	};

	2BDE75D997AA9B5849F0B967 = {
		isa = PBXBuildFile;
		fileRef = 9D84EEF9584A8114C70E9EFB;
	};

	2CD5706AC74D9558585E34D9 = {
		isa = PBXBuildFile;
		productRef = 147C4662444631333629C1A4;
	};

	2D0EABFA6AAC7CC14913F7AD = {
		isa = XCBuildConfiguration;
		name = Debug;
			buildSettings = {
				CODE_SIGN_STYLE = Automatic;
				DEVELOPMENT_ASSET_PATHS = "";
				DEVELOPMENT_TEAM = "";
				ENABLE_PREVIEWS = YES;
				GENERATE_INFOPLIST_FILE = YES;
				IPHONEOS_DEPLOYMENT_TARGET = 17.0;
				LD_DYLIB_INSTALL_NAME = "@rpath/$(EXECUTABLE_PATH)";
				MACH_O_TYPE = mh_dylib;
				PRODUCT_BUNDLE_IDENTIFIER = com.yuelingqiu.MeowPlannerCore.iOS;
				PRODUCT_MODULE_NAME = MeowPlannerCore;
				PRODUCT_NAME = MeowPlannerCore;
				SDKROOT = iphoneos;
				SKIP_INSTALL = YES;
				SUPPORTED_PLATFORMS = (
					iphoneos,
					iphonesimulator,
				);
				SWIFT_VERSION = 6.0;
				TARGETED_DEVICE_FAMILY = "1,2";
			};
	};

	2D73DD39EB548CA26DB48708 = {
		isa = PBXFileReference;
		lastKnownFileType = sourcecode.swift;
		path = Sources/MeowPlannerCore/Services/AccountAuthentication.swift;
		sourceTree = "<group>";
	};

	2E0BB1C446372BFD08300BF9 = {
		isa = PBXBuildFile;
		fileRef = 30DDC48266F587766CB1FFA4;
	};

	2E804071031A67106E08E888 = {
		isa = XCConfigurationList;
		buildConfigurations = (
			C09B1DBCC25AAEE0A7DAAF7F,
			F49B7FC24B9B5C2259BA490E,
		);
		defaultConfigurationIsVisible = 0;
		defaultConfigurationName = Release;
	};

	300CBEE8E98E70DC1699756B = {
		isa = PBXSourcesBuildPhase;
		buildActionMask = 2147483647;
		files = (
			EF6414F41B285D930A41078C,
			7EFC2A54ACD0B744067051D0,
			C364103CA628B7E879945176,
			311707FA3FDE6F64FF4C3BD8,
		);
		runOnlyForDeploymentPostprocessing = 0;
	};

	30DDC48266F587766CB1FFA4 = {
		isa = PBXFileReference;
		lastKnownFileType = sourcecode.swift;
		path = Sources/MeowPlannerApp/Views/Timetable/CourseTimetableView.swift;
		sourceTree = "<group>";
	};

	311707FA3FDE6F64FF4C3BD8 = {
		isa = PBXBuildFile;
		fileRef = D97EF31D3D4544224A1353F2;
	};

	3130B1EAC31E80FE4E892EA3 = {
		isa = PBXBuildFile;
		fileRef = 8F94AC40C231E5522EA03CB1;
	};

	317E43A0AAD9986BF5C0A889 = {
		isa = PBXFileReference;
		lastKnownFileType = folder;
		path = Resources/FuFu;
		sourceTree = "<group>";
	};

	318A63076BD906B0A4AFA07B = {
		isa = PBXNativeTarget;
		buildConfigurationList = CD36D04A0D233D029CECD97A;
		buildPhases = (
			1A73461FBB993DE0B898AD34,
			8D08A23C91E9F53E6C32771A,
			8C2CFF067A1939635AC71D34,
			2554A3BA8D9DE94198B57397,
			9A813D2D34A6A237CB4CC047,
		);
		buildRules = (
		);
		dependencies = (
			45FF6A6F83C85E59DBC8B329,
			86ECC82404AC7ADBF8317F45,
		);
		name = MeowPlanner;
		packageProductDependencies = (
			147C4662444631333629C1A4,
			528C401C34C3045570C1E71F,
			03B5A24E19D20744E267F0DB,
		);
		productName = MeowPlanner;
		productReference = F175EDC040AE768BED34CAA4;
		productType = "com.apple.product-type.application";
	};

	318D18021CA4172EF5AE92DC = {
		isa = PBXFileReference;
		lastKnownFileType = file;
		path = Resources/BackgroundDark.png;
		sourceTree = "<group>";
	};

	32A0532E45E17C4AB224D0CE = {
		isa = PBXBuildFile;
		fileRef = D0A8402802E0226BE82F7B66;
	};

	32EE9AFB3F7ED84151A02352 = {
		isa = PBXNativeTarget;
		buildConfigurationList = 634681BC5581CFA9CF006698;
		buildPhases = (
			838CA64B8CC67BFD56E8264A,
			201C1DEEDA77D9F32E235D3B,
			FA336494A35D0CC3BF74185E,
		);
		buildRules = (
		);
		dependencies = (
		);
		name = MeowPlannerCore-iOS;
		packageProductDependencies = (
		);
		productName = MeowPlannerCore-iOS;
		productReference = CFE091619B11103B174A8AF4;
		productType = "com.apple.product-type.framework";
	};

	33193FACACEF39E3A48ED164 = {
		isa = PBXFileReference;
		lastKnownFileType = sourcecode.swift;
		path = Sources/MeowPlannerCore/Stores/ModelContainerFactory.swift;
		sourceTree = "<group>";
	};

	35611130CA3AD839825F2F0D = {
		isa = PBXBuildFile;
		fileRef = 707AA3AEAD226634825065D1;
	};

	36A1FD6BEEF4DCEECCEFF1DF = {
		isa = PBXResourcesBuildPhase;
		buildActionMask = 2147483647;
		files = (
			DA154C6E83CCDA3C7DD4F930,
			F58144AD183ACA44F77FE92B,
			17B6F0B545E2305FB872B822,
			B164D1D1F9F24A52ABC7C998,
			7F3CCF28237E3C01E045299D,
			7E328B982B4A265A1427F76B,
			21187C2CBBFA69A67107AC4A,
			1C8FBFAD31855F4EC7CF8CA8,
		);
		runOnlyForDeploymentPostprocessing = 0;
	};

	36F202BCFF3F7773C868BFCC = {
		isa = PBXBuildFile;
		fileRef = E858B06DEA1C8868C56E34B6;
	};

	37E4C76A7E7F2C41ADFD5E1F = {
		isa = PBXBuildFile;
		fileRef = F8E02A668A3786424C440995;
	};

	38784A82006169176A1A4E64 = {
		isa = PBXBuildFile;
		fileRef = 1277AA39ABF53256B86CC887;
	};

	38F6F5CA40C95F3BE67F769C = {
		isa = PBXFileReference;
		lastKnownFileType = sourcecode.swift;
		path = Sources/MeowPlannerCore/Services/CourseTimetablePlanner.swift;
		sourceTree = "<group>";
	};

	3921CA11A5F67EA0E0EA4D0A = {
		isa = PBXBuildFile;
		fileRef = 7E63C62518AC3EFFAAF99745;
	};

	3A40C6E12F46DF9FF0E0CAFB = {
		isa = PBXBuildFile;
		fileRef = D8547D30C056663E71FE08EC;
	};

	3A74A1B33BA1AF3C10594A9E = {
		isa = PBXBuildFile;
		fileRef = 9C3436D9FF1FCD30564D1D85;
	};

	3D8666EDB116021861B297C4 = {
		isa = PBXBuildFile;
		fileRef = 77AC5BEE7E35599433E83154;
	};

	3DCA2517CB865E6F2EF9B3BD = {
		isa = PBXBuildFile;
		fileRef = 1E77D2F5881A167064871C23;
	};

	40D49E1B20A7685EB0570DC4 = {
		isa = PBXFileReference;
		lastKnownFileType = sourcecode.swift;
		path = Sources/MeowPlannerCore/Models/CourseTimetable.swift;
		sourceTree = "<group>";
	};

	417BFAFB67F0DE6C0F26AAEA = {
		isa = PBXBuildFile;
		fileRef = 773DCE90197176C4D5385F3A;
	};

	444C30803C9A93274F6A479F = {
		isa = PBXBuildFile;
		fileRef = C454C15D80121CBA073EEBE8;
	};

	45FF6A6F83C85E59DBC8B329 = {
		isa = PBXTargetDependency;
		target = 180BB19C6150BD0D387EFFDA;
		targetProxy = 1CC47386F9B56DC0DCB91C6D;
	};

	460E7B1D737E4860D4B70AF2 = {
		isa = PBXFileReference;
		lastKnownFileType = sourcecode.swift;
		path = Sources/MeowPlannerWidget/MeowPlannerWidgetBundle.swift;
		sourceTree = "<group>";
	};

	487F8947B8888C7A6F3A3EBA = {
		isa = PBXFileReference;
		lastKnownFileType = sourcecode.swift;
		path = Sources/MeowPlannerApp/Support/AppNavigation.swift;
		sourceTree = "<group>";
	};

	4AF186E14533C8AC2320327F = {
		isa = PBXBuildFile;
		fileRef = 77AC5BEE7E35599433E83154;
	};

	4B2423F70A6BD07EA27927D6 = {
		isa = PBXCopyFilesBuildPhase;
		buildActionMask = 2147483647;
		dstSubfolderSpec = 10;
		files = (
			C480D2B0C8603016FD1BDB41,
		);
		name = "Embed Frameworks";
		runOnlyForDeploymentPostprocessing = 0;
	};

	4C635E3A831F291A4CF7A03F = {
		isa = PBXBuildFile;
		fileRef = 077911CF831D31482C0E5BC3;
	};

	4C89319678BA0EBFF93AE4C8 = {
		isa = PBXFileReference;
		lastKnownFileType = text.plist.xml;
		path = Config/GoogleService-Info.plist;
		sourceTree = "<group>";
	};

	4CCC9422EC1F987DD4F4B420 = {
		isa = PBXBuildFile;
		fileRef = B9056A05FB7CE51EC5814456;
	};

	4F3D78C43E6CB42C68008553 = {
		isa = PBXBuildFile;
		fileRef = CFE091619B11103B174A8AF4;
		settings = {ATTRIBUTES = (CodeSignOnCopy, RemoveHeadersOnCopy, ); };
	};

	4F5EA75AD911B1A63BC4E9F1 = {
		isa = PBXBuildFile;
		fileRef = 721CE965314E162B64D1610B;
	};

	50C10E819A66D0557B752C26 = {
		isa = PBXBuildFile;
		fileRef = D315528429EBD4EC4D08CD4B;
	};

	51E9AD78980BB365FDA73674 = {
		isa = PBXBuildFile;
		fileRef = 0346D3E0A98991BAF579E9B4;
	};

	5229A11767BD315215460B82 = {
		isa = PBXFileReference;
		lastKnownFileType = sourcecode.swift;
		path = Sources/MeowPlannerCore/Services/NotificationScheduler.swift;
		sourceTree = "<group>";
	};

	528C401C34C3045570C1E71F = {
		isa = XCSwiftPackageProductDependency;
		package = 7CAD6D28479CBF8021199213;
		productName = FirebaseAuth;
	};

	53C20788D3C5547E185D607C = {
		isa = PBXBuildFile;
		fileRef = E858B06DEA1C8868C56E34B6;
	};

	53D330BB9C5D3B82E1426745 = {
		isa = PBXBuildFile;
		fileRef = 773DCE90197176C4D5385F3A;
	};

	53F16A828E23C3564A1304C4 = {
		isa = PBXBuildFile;
		fileRef = 7C40F8326F1BBC3FE53E3479;
	};

	53FFE9382A5AE05C52D0840B = {
		isa = PBXFileReference;
		lastKnownFileType = sourcecode.swift;
		path = Sources/MeowPlannerCore/Support/WidgetConstants.swift;
		sourceTree = "<group>";
	};

	547C45178EDD46F7C2D621D9 = {
		isa = PBXFileReference;
		lastKnownFileType = sourcecode.swift;
		path = Sources/MeowPlannerApp/Views/Account/AccountAuthenticationModalView.swift;
		sourceTree = "<group>";
	};

	5865A6280EE8612EB13F9B09 = {
		isa = PBXBuildFile;
		fileRef = 7FF8FB72BD89E0B90E4D0601;
	};

	587FAB06CC0271E81715965F = {
		isa = PBXBuildFile;
		fileRef = F7EC414B16694B6CDA0FEFCB;
	};

	5B80C87A96566DBD71652C47 = {
		isa = PBXFileReference;
		lastKnownFileType = sourcecode.swift;
		path = Sources/MeowPlannerApp/Support/AppIconInstaller.swift;
		sourceTree = "<group>";
	};

	5C559723D06393E3290F9D4E = {
		isa = PBXBuildFile;
		fileRef = 24A04CAA495D579768B6F716;
	};

	5CADD55F7ADB2CB3BC8A6ABF = {
		isa = PBXBuildFile;
		fileRef = 1B6C00CDB3AE603833DF830D;
	};

	5CD11A8BAE33517676834840 = {
		isa = PBXBuildFile;
		fileRef = 30DDC48266F587766CB1FFA4;
	};

	61A9F57D9917828AE861847D = {
		isa = PBXBuildFile;
		fileRef = CBDA3B6C730EE3E33B1C7F85;
	};

	632A251B42096AAF8B0E5C5C = {
		isa = PBXBuildFile;
		fileRef = 1B6C00CDB3AE603833DF830D;
	};

	634681BC5581CFA9CF006698 = {
		isa = XCConfigurationList;
		buildConfigurations = (
			2D0EABFA6AAC7CC14913F7AD,
			8017133B1880F0ED0F5FFC45,
		);
		defaultConfigurationIsVisible = 0;
		defaultConfigurationName = Release;
	};

	650FEACA2C68352DC68C51AC = {
		isa = PBXBuildFile;
		fileRef = 5229A11767BD315215460B82;
	};

	6829FA8A477BD2D09199C9EB = {
		isa = PBXBuildFile;
		fileRef = CCA63CB7527ABBF324CEFF38;
	};

	68AF3BFD7FFEEEBF79724300 = {
		isa = PBXBuildFile;
		fileRef = E7948FDA3B2676DF5F2B24D0;
	};

	6999E7ECDB18E0F262AB85E2 = {
		isa = PBXBuildFile;
		fileRef = 33193FACACEF39E3A48ED164;
	};

	6F044BCB4B633A557CB41767 = {
		isa = PBXBuildFile;
		fileRef = 8F94AC40C231E5522EA03CB1;
	};

	6F3D1792D8DD7A41B43889EB = {
		isa = PBXBuildFile;
		fileRef = BA7E1C7367EC6EFBDB2CE701;
	};

	6FAF30DB61499C49B3447D9A = {
		isa = PBXFileReference;
		lastKnownFileType = sourcecode.swift;
		path = Sources/MeowPlannerApp/Views/RootView.swift;
		sourceTree = "<group>";
	};

	707AA3AEAD226634825065D1 = {
		isa = PBXFileReference;
		lastKnownFileType = sourcecode.swift;
		path = Sources/MeowPlannerCore/Support/MonthPlannerGridBuilder.swift;
		sourceTree = "<group>";
	};

	721CE965314E162B64D1610B = {
		isa = PBXFileReference;
		lastKnownFileType = sourcecode.swift;
		path = Sources/MeowPlannerCore/MeowPlannerCore.swift;
		sourceTree = "<group>";
	};

	7344AF727E9287C0CA0CA040 = {
		isa = PBXBuildFile;
		fileRef = A9EA7632D4F30E1B84B0ED83;
	};

	773DCE90197176C4D5385F3A = {
		isa = PBXFileReference;
		lastKnownFileType = sourcecode.swift;
		path = Sources/MeowPlannerCore/Models/Habit.swift;
		sourceTree = "<group>";
	};

	77AC5BEE7E35599433E83154 = {
		isa = PBXFileReference;
		lastKnownFileType = sourcecode.swift;
		path = Sources/MeowPlannerCore/Services/FocusTimerState.swift;
		sourceTree = "<group>";
	};

	7859B50E888D9BA959C1BF3A = {
		isa = PBXBuildFile;
		fileRef = 547C45178EDD46F7C2D621D9;
	};

	79AA44DEE589D8B8E96A0A8C = {
		isa = PBXNativeTarget;
		buildConfigurationList = 2E804071031A67106E08E888;
		buildPhases = (
			300CBEE8E98E70DC1699756B,
			140969924C862525DB104150,
			1939428BF237C1AFB440C3B2,
			4B2423F70A6BD07EA27927D6,
		);
		buildRules = (
		);
		dependencies = (
			26C54ABE4EE33D42CDD967CD,
		);
		name = MeowPlannerWidgetExtension;
		packageProductDependencies = (
		);
		productName = MeowPlannerWidgetExtension;
		productReference = AC0E2599A576534DDAEEE6BF;
		productType = "com.apple.product-type.app-extension";
	};

	79D33856E36A59A6B282D01D = {
		isa = PBXBuildFile;
		fileRef = C454C15D80121CBA073EEBE8;
	};

	7B2C85655704FE71DFDB68C1 = {
		isa = PBXBuildFile;
		fileRef = FA98C30EA1AFDA9CBB767013;
	};

	7BBB06F616B17D6828A01C39 = {
		isa = PBXFileReference;
		lastKnownFileType = sourcecode.swift;
		path = Sources/MeowPlannerWidget/MeowPlannerTodayWidget.swift;
		sourceTree = "<group>";
	};

	7C40F8326F1BBC3FE53E3479 = {
		isa = PBXFileReference;
		lastKnownFileType = sourcecode.swift;
		path = Sources/MeowPlannerApp/Support/MeowPlannerTheme.swift;
		sourceTree = "<group>";
	};

	7CAD6D28479CBF8021199213 = {
		isa = XCRemoteSwiftPackageReference;
		repositoryURL = https://github.com/firebase/firebase-ios-sdk.git;
		requirement = {
			kind = upToNextMajorVersion;
			minimumVersion = 12.14.0;
		};
	};

	7E328B982B4A265A1427F76B = {
		isa = PBXBuildFile;
		fileRef = F35C76A143A1080A06A20D54;
	};

	7E63C62518AC3EFFAAF99745 = {
		isa = PBXFileReference;
		lastKnownFileType = sourcecode.swift;
		path = Sources/MeowPlannerApp/Views/Todos/TodoEditorView.swift;
		sourceTree = "<group>";
	};

	7EB8CA52586E7A58E1916579 = {
		isa = PBXBuildFile;
		fileRef = CBDA3B6C730EE3E33B1C7F85;
	};

	7EFC2A54ACD0B744067051D0 = {
		isa = PBXBuildFile;
		fileRef = 460E7B1D737E4860D4B70AF2;
	};

	7F166A722DDFF828210BC605 = {
		isa = PBXBuildFile;
		fileRef = D315528429EBD4EC4D08CD4B;
	};

	7F3CCF28237E3C01E045299D = {
		isa = PBXBuildFile;
		fileRef = FB2EDE17BEE61AFC2B88A112;
	};

	7FF4B2B0BE1FA2630B96B1D1 = {
		isa = XCBuildConfiguration;
		name = Release;
			buildSettings = {
				ASSETCATALOG_COMPILER_APPICON_NAME = AppIcon;
				CODE_SIGN_ENTITLEMENTS = Config/MeowPlanner-iOS.entitlements;
				CODE_SIGN_STYLE = Automatic;
				DEVELOPMENT_ASSET_PATHS = "";
				DEVELOPMENT_TEAM = "";
				ENABLE_PREVIEWS = YES;
				INFOPLIST_FILE = Config/MeowPlanner-iOS-Info.plist;
				IPHONEOS_DEPLOYMENT_TARGET = 17.0;
				LD_RUNPATH_SEARCH_PATHS = (
					"$(inherited)",
					"@executable_path/Frameworks",
				);
				PRODUCT_BUNDLE_IDENTIFIER = com.yuelingqiu.MeowPlanner;
				PRODUCT_NAME = MeowPlanner;
				SDKROOT = iphoneos;
				SUPPORTED_PLATFORMS = (
					iphoneos,
					iphonesimulator,
				);
				SWIFT_VERSION = 6.0;
				TARGETED_DEVICE_FAMILY = "1,2";
			};
	};

	7FF8FB72BD89E0B90E4D0601 = {
		isa = PBXFileReference;
		lastKnownFileType = sourcecode.swift;
		path = Sources/MeowPlannerCore/Models/TodoGroup.swift;
		sourceTree = "<group>";
	};

	8017133B1880F0ED0F5FFC45 = {
		isa = XCBuildConfiguration;
		name = Release;
			buildSettings = {
				CODE_SIGN_STYLE = Automatic;
				DEVELOPMENT_ASSET_PATHS = "";
				DEVELOPMENT_TEAM = "";
				ENABLE_PREVIEWS = YES;
				GENERATE_INFOPLIST_FILE = YES;
				IPHONEOS_DEPLOYMENT_TARGET = 17.0;
				LD_DYLIB_INSTALL_NAME = "@rpath/$(EXECUTABLE_PATH)";
				MACH_O_TYPE = mh_dylib;
				PRODUCT_BUNDLE_IDENTIFIER = com.yuelingqiu.MeowPlannerCore.iOS;
				PRODUCT_MODULE_NAME = MeowPlannerCore;
				PRODUCT_NAME = MeowPlannerCore;
				SDKROOT = iphoneos;
				SKIP_INSTALL = YES;
				SUPPORTED_PLATFORMS = (
					iphoneos,
					iphonesimulator,
				);
				SWIFT_VERSION = 6.0;
				TARGETED_DEVICE_FAMILY = "1,2";
			};
	};

	80A4E000E88AD50B54F4D379 = {
		isa = PBXFileReference;
		lastKnownFileType = sourcecode.swift;
		path = Sources/MeowPlannerApp/Support/FirebaseAccountAuthenticationClient.swift;
		sourceTree = "<group>";
	};

	8153C05F8D721631B3536094 = {
		isa = PBXNativeTarget;
		buildConfigurationList = 1BDEA66D31E9CFD9E8277B43;
		buildPhases = (
			8C4CD4B62D3E77B2E10788E1,
			963BF6FD5EE76B8746AA60FD,
			36A1FD6BEEF4DCEECCEFF1DF,
			0333CCFB5F289DC1337AFAED,
		);
		buildRules = (
		);
		dependencies = (
			9B98D0D32465112FB5CA07F0,
		);
		name = MeowPlanner-iOS;
		packageProductDependencies = (
			147C4662444631333629C1A4,
			528C401C34C3045570C1E71F,
			03B5A24E19D20744E267F0DB,
		);
		productName = MeowPlanner-iOS;
		productReference = 2AE13A41D86A3659A292E1E5;
		productType = "com.apple.product-type.application";
	};

	81CD3D30ABBE32DA4517598A = {
		isa = PBXBuildFile;
		fileRef = BEC6BEE8F448C35268B19E6E;
	};

	838CA64B8CC67BFD56E8264A = {
		isa = PBXSourcesBuildPhase;
		buildActionMask = 2147483647;
		files = (
			4F5EA75AD911B1A63BC4E9F1,
			BAB034FFDE4733FB69333010,
			9762AAADC6F2B000A5958005,
			417BFAFB67F0DE6C0F26AAEA,
			3DCA2517CB865E6F2EF9B3BD,
			6F3D1792D8DD7A41B43889EB,
			E30E66B038E186C2CC3C4724,
			5865A6280EE8612EB13F9B09,
			9352893B9D8A95101C53D67E,
			EA9AD785F71D093EBAA17122,
			6F044BCB4B633A557CB41767,
			16D0877D40AABBFF3353CB7B,
			9E063B86677E36131BA08263,
			1DC9D96284853401583D5294,
			3D8666EDB116021861B297C4,
			E3E3E961C3E2CF147641CE5A,
			650FEACA2C68352DC68C51AC,
			14FD65A4806626C6882F1503,
			7344AF727E9287C0CA0CA040,
			EC2A9CBA22B66AD008E8DFC4,
			09D7408677F186324C1B7477,
			136D64B7BA340B68073C7509,
			DE9C6856187F82F72B9E832A,
			38784A82006169176A1A4E64,
			D9AB55E359FA071399010423,
			B61D1DB7C52FAB98461FDF38,
		);
		runOnlyForDeploymentPostprocessing = 0;
	};

	84D54FA65B9F484220A24314 = {
		isa = PBXBuildFile;
		fileRef = CFE091619B11103B174A8AF4;
	};

	85E87F86EF823B9255EE8884 = {
		isa = PBXBuildFile;
		fileRef = F268C2EF0E946006FC57F088;
	};

	86ECC82404AC7ADBF8317F45 = {
		isa = PBXTargetDependency;
		target = 79AA44DEE589D8B8E96A0A8C;
		targetProxy = B08FC46ECE5A991DCA2E8F50;
	};

	884A6FE81AA9DDBDBAA3549A = {
		isa = PBXBuildFile;
		fileRef = 318D18021CA4172EF5AE92DC;
	};

	88F15A726917E2CD910233AE = {
		isa = PBXBuildFile;
		fileRef = 7C40F8326F1BBC3FE53E3479;
	};

	8C2CFF067A1939635AC71D34 = {
		isa = PBXResourcesBuildPhase;
		buildActionMask = 2147483647;
		files = (
			00266C99B40A1A88754A83F2,
			0439AB6DED5B56F0F569B7F7,
			8CCF440DA9FAF2B4B2522CC3,
			884A6FE81AA9DDBDBAA3549A,
			51E9AD78980BB365FDA73674,
			0FEBC0367BFD5C098E8BF3CF,
		);
		runOnlyForDeploymentPostprocessing = 0;
	};

	8C4CD4B62D3E77B2E10788E1 = {
		isa = PBXSourcesBuildPhase;
		buildActionMask = 2147483647;
		files = (
			61A9F57D9917828AE861847D,
			F3CF8CAD9CA1DF5FED4BB149,
			8D4DBB107AABA43D83A39E7A,
			CB3F4B47C272D7ADDE0A677B,
			139D9296E14BA8CEB088F875,
			0BABA6B1551618680567CECC,
			DC89317E58B0CDB0BB42AE72,
			D1437EC8B13931E48C336D6F,
			8F583538631574B87B0BF654,
			37E4C76A7E7F2C41ADFD5E1F,
			53F16A828E23C3564A1304C4,
			53C20788D3C5547E185D607C,
			189704E89A2B823FABE7B489,
			4C635E3A831F291A4CF7A03F,
			7F166A722DDFF828210BC605,
			B7FA11469469AE30EBA97782,
			9A15D7D8BCDA317FBE47D3FC,
			587FAB06CC0271E81715965F,
			1E482FB6489F08186495E686,
			00EE8033D4CFD10142294C34,
			85E87F86EF823B9255EE8884,
			1817CB429C33608EE59C960C,
			BB3C8E85EDA748D94DDC2AF8,
			632A251B42096AAF8B0E5C5C,
			9131729FF693F4606B3C76A4,
			2E0BB1C446372BFD08300BF9,
			E4F62078DD11B2ABC323E3C0,
			BFC330992C91B47C3543A2F9,
		);
		runOnlyForDeploymentPostprocessing = 0;
	};

	8CB711CD9B55FA7DDBA25370 = {
		isa = XCBuildConfiguration;
		name = Release;
			buildSettings = {
				CODE_SIGN_ENTITLEMENTS = Config/MeowPlanner.entitlements;
				CODE_SIGN_STYLE = Automatic;
				COMBINE_HIDPI_IMAGES = YES;
				DEVELOPMENT_ASSET_PATHS = "";
				DEVELOPMENT_TEAM = "";
				ENABLE_HARDENED_RUNTIME = YES;
				ENABLE_PREVIEWS = YES;
				INFOPLIST_FILE = Config/MeowPlanner-Info.plist;
				LD_RUNPATH_SEARCH_PATHS = (
					"$(inherited)",
					"@executable_path/../Frameworks",
				);
				MACOSX_DEPLOYMENT_TARGET = 14.0;
				PRODUCT_BUNDLE_IDENTIFIER = com.yuelingqiu.MeowPlanner;
				PRODUCT_NAME = "$(TARGET_NAME)";
				SDKROOT = macosx;
				SUPPORTED_PLATFORMS = macosx;
				SWIFT_VERSION = 6.0;
			};
	};

	8CCF440DA9FAF2B4B2522CC3 = {
		isa = PBXBuildFile;
		fileRef = D490E87E55B480C82A0659D9;
	};

	8D08A23C91E9F53E6C32771A = {
		isa = PBXFrameworksBuildPhase;
		buildActionMask = 2147483647;
		files = (
			444C30803C9A93274F6A479F,
			2CD5706AC74D9558585E34D9,
			0D93599C20BD6051ED3990E0,
			A3E7C0C6026C4AE5DA5CDFA3,
		);
		runOnlyForDeploymentPostprocessing = 0;
	};

	8D4DBB107AABA43D83A39E7A = {
		isa = PBXBuildFile;
		fileRef = 18DBB8BE4C04D49695695A1A;
	};

	8F583538631574B87B0BF654 = {
		isa = PBXBuildFile;
		fileRef = 487F8947B8888C7A6F3A3EBA;
	};

	8F94AC40C231E5522EA03CB1 = {
		isa = PBXFileReference;
		lastKnownFileType = sourcecode.swift;
		path = Sources/MeowPlannerCore/Services/CloudAppDataSync.swift;
		sourceTree = "<group>";
	};

	9131729FF693F4606B3C76A4 = {
		isa = PBXBuildFile;
		fileRef = 27F37EBD6A4EDE31E2A8E34C;
	};

	9352893B9D8A95101C53D67E = {
		isa = PBXBuildFile;
		fileRef = 040686DDAF33884C5AA3A0E9;
	};

	9366AD7F78EC49C1A5E5DCFB = {
		isa = PBXBuildFile;
		fileRef = BA7E1C7367EC6EFBDB2CE701;
	};

	95544B4881D053A1832F0761 = {
		isa = PBXFileReference;
		lastKnownFileType = sourcecode.swift;
		path = Sources/MeowPlannerCore/Services/ChineseCalendarInfoProvider.swift;
		sourceTree = "<group>";
	};

	963BF6FD5EE76B8746AA60FD = {
		isa = PBXFrameworksBuildPhase;
		buildActionMask = 2147483647;
		files = (
			84D54FA65B9F484220A24314,
			C14FAFB0D28B2D8893208036,
			130E4EE8EEA6B4C960D77468,
			D27DCC1DA3F345482C48F8D7,
		);
		runOnlyForDeploymentPostprocessing = 0;
	};

	9642F1047C1002A1EE72F0DB = {
		isa = PBXGroup;
		children = (
			FC8F5A85394B0D5FF7E93AFA,
			CF8D0BD4B75E8C2C174692A5,
			D45CB4A487390B4D06F7B760,
		);
		name = Sources;
		sourceTree = "<group>";
	};

	9762AAADC6F2B000A5958005 = {
		isa = PBXBuildFile;
		fileRef = 24A04CAA495D579768B6F716;
	};

	98F54143AB4E86B28C3AFEE0 = {
		isa = PBXProject;
		attributes = {
			BuildIndependentTargetsInParallel = 1;
			LastSwiftUpdateCheck = 2600;
			LastUpgradeCheck = 2600;
			ORGANIZATIONNAME = yuelingqiu;
			TargetAttributes = {
				318A63076BD906B0A4AFA07B = {CreatedOnToolsVersion = 26.5; ProvisioningStyle = Automatic; };
				180BB19C6150BD0D387EFFDA = {CreatedOnToolsVersion = 26.5; };
				79AA44DEE589D8B8E96A0A8C = {CreatedOnToolsVersion = 26.5; ProvisioningStyle = Automatic; };
				8153C05F8D721631B3536094 = {CreatedOnToolsVersion = 26.5; ProvisioningStyle = Automatic; };
				32EE9AFB3F7ED84151A02352 = {CreatedOnToolsVersion = 26.5; };
			};
		};
		buildConfigurationList = EA733E1334E307185C91DF03;
		compatibilityVersion = "Xcode 14.0";
		developmentRegion = en;
		hasScannedForEncodings = 0;
		knownRegions = (
			en,
			Base,
		);
		mainGroup = ADCF10F76EBF2A74473E9DC4;
		packageReferences = (
			7CAD6D28479CBF8021199213,
		);
		productRefGroup = 00C45FD35CB0F9C5F764F070;
		projectDirPath = "";
		projectRoot = "";
		targets = (
			318A63076BD906B0A4AFA07B,
			180BB19C6150BD0D387EFFDA,
			79AA44DEE589D8B8E96A0A8C,
			8153C05F8D721631B3536094,
			32EE9AFB3F7ED84151A02352,
		);
	};

	99007B8E315186DE7546D1C6 = {
		isa = PBXBuildFile;
		fileRef = 40D49E1B20A7685EB0570DC4;
	};

	9A15D7D8BCDA317FBE47D3FC = {
		isa = PBXBuildFile;
		fileRef = 0267AA73F45008C1962BF988;
	};

	9A813D2D34A6A237CB4CC047 = {
		isa = PBXCopyFilesBuildPhase;
		buildActionMask = 2147483647;
		dstSubfolderSpec = 13;
		files = (
			E99494170CD77D44A07783B5,
		);
		name = "Embed App Extensions";
		runOnlyForDeploymentPostprocessing = 0;
	};

	9AEB430E8B5C0A638222EAB7 = {
		isa = PBXContainerItemProxy;
		containerPortal = 98F54143AB4E86B28C3AFEE0;
		proxyType = 1;
		remoteGlobalIDString = 180BB19C6150BD0D387EFFDA;
		remoteInfo = MeowPlannerCore;
	};

	9B86873C384DA616FA87CC8B = {
		isa = PBXBuildFile;
		fileRef = 95544B4881D053A1832F0761;
	};

	9B98D0D32465112FB5CA07F0 = {
		isa = PBXTargetDependency;
		target = 32EE9AFB3F7ED84151A02352;
		targetProxy = C1C5BD7ADCAAC8684B17B7BA;
	};

	9BC83747FFC87A8482E5AAC2 = {
		isa = PBXFileReference;
		lastKnownFileType = text.plist.xml;
		path = Config/MeowPlanner.entitlements;
		sourceTree = "<group>";
	};

	9BD0F17E21CEFBA550AE1533 = {
		isa = PBXFileReference;
		lastKnownFileType = sourcecode.swift;
		path = Sources/MeowPlannerApp/Views/Calendar/DayAgendaView.swift;
		sourceTree = "<group>";
	};

	9C3436D9FF1FCD30564D1D85 = {
		isa = PBXFileReference;
		lastKnownFileType = sourcecode.swift;
		path = Sources/MeowPlannerApp/Support/FirestoreAppDataSyncService.swift;
		sourceTree = "<group>";
	};

	9D168680780B08F377EF8D09 = {
		isa = PBXBuildFile;
		fileRef = CD39EB362757501DD18C7617;
	};

	9D84EEF9584A8114C70E9EFB = {
		isa = PBXFileReference;
		lastKnownFileType = sourcecode.swift;
		path = Sources/MeowPlannerCore/Services/CloudTodoSync.swift;
		sourceTree = "<group>";
	};

	9E063B86677E36131BA08263 = {
		isa = PBXBuildFile;
		fileRef = 95544B4881D053A1832F0761;
	};

	9E30C08527637D5E3D8D1B2A = {
		isa = PBXSourcesBuildPhase;
		buildActionMask = 2147483647;
		files = (
			12E7CDB02704A3157FCEDFDA,
			99007B8E315186DE7546D1C6,
			5C559723D06393E3290F9D4E,
			53D330BB9C5D3B82E1426745,
			026755A5AEE3DBDB087175AC,
			9366AD7F78EC49C1A5E5DCFB,
			19A70435264C701F0E43E20B,
			FA78844A2572155505BA5C8B,
			ABB0BD3E6477DC31DA384312,
			EBEA5461ED0D7C63F9C1612E,
			3130B1EAC31E80FE4E892EA3,
			2BDE75D997AA9B5849F0B967,
			9B86873C384DA616FA87CC8B,
			BA082060FD30FBAFEFF2D3F8,
			4AF186E14533C8AC2320327F,
			32A0532E45E17C4AB224D0CE,
			29ABCCFEF181D76CCE50A9C7,
			3A40C6E12F46DF9FF0E0CAFB,
			207C68EDE1DD787C3F3D6DF4,
			095BFAC1C1CCA5BBBA3D0723,
			6999E7ECDB18E0F262AB85E2,
			AB2E685D5A51CAA78C1DC5C9,
			35611130CA3AD839825F2F0D,
			D50654178BF459833F2FB647,
			AD3052ACAABA800418D9183C,
			15FF09A6EDBF3652186847FB,
		);
		runOnlyForDeploymentPostprocessing = 0;
	};

	9EBC7FF56B5741A8D9D0E80A = {
		isa = PBXResourcesBuildPhase;
		buildActionMask = 2147483647;
		files = (
		);
		runOnlyForDeploymentPostprocessing = 0;
	};

	9F5D31D4B87DAC2F67542B62 = {
		isa = PBXBuildFile;
		fileRef = 9BD0F17E21CEFBA550AE1533;
	};

	A3E7C0C6026C4AE5DA5CDFA3 = {
		isa = PBXBuildFile;
		productRef = 03B5A24E19D20744E267F0DB;
	};

	A57EE86928424FF1ED949908 = {
		isa = PBXFileReference;
		lastKnownFileType = sourcecode.swift;
		path = Sources/MeowPlannerApp/Views/Todos/TodoHomeView.swift;
		sourceTree = "<group>";
	};

	A85DCC5CA3517463523BB532 = {
		isa = PBXFileReference;
		lastKnownFileType = text.plist.xml;
		path = Config/MeowPlanner-iOS-Info.plist;
		sourceTree = "<group>";
	};

	A9497CE23FDDC0787512981E = {
		isa = XCBuildConfiguration;
		name = Debug;
			buildSettings = {
				ALWAYS_SEARCH_USER_PATHS = NO;
				CLANG_ANALYZER_NONNULL = YES;
				CLANG_ANALYZER_NUMBER_OBJECT_CONVERSION = YES_AGGRESSIVE;
				CLANG_CXX_LANGUAGE_STANDARD = "gnu++20";
				CLANG_ENABLE_MODULES = YES;
				CLANG_ENABLE_OBJC_ARC = YES;
				CLANG_WARN_BLOCK_CAPTURE_AUTORELEASING = YES;
				CLANG_WARN_BOOL_CONVERSION = YES;
				CLANG_WARN_COMMA = YES;
				CLANG_WARN_CONSTANT_CONVERSION = YES;
				CLANG_WARN_DEPRECATED_OBJC_IMPLEMENTATIONS = YES;
				CLANG_WARN_DIRECT_OBJC_ISA_USAGE = YES_ERROR;
				CLANG_WARN_DOCUMENTATION_COMMENTS = YES;
				CLANG_WARN_EMPTY_BODY = YES;
				CLANG_WARN_ENUM_CONVERSION = YES;
				CLANG_WARN_INFINITE_RECURSION = YES;
				CLANG_WARN_INT_CONVERSION = YES;
				CLANG_WARN_NON_LITERAL_NULL_CONVERSION = YES;
				CLANG_WARN_OBJC_IMPLICIT_RETAIN_SELF = YES;
				CLANG_WARN_OBJC_LITERAL_CONVERSION = YES;
				CLANG_WARN_OBJC_ROOT_CLASS = YES_ERROR;
				CLANG_WARN_QUOTED_INCLUDE_IN_FRAMEWORK_HEADER = YES;
				CLANG_WARN_RANGE_LOOP_ANALYSIS = YES;
				CLANG_WARN_STRICT_PROTOTYPES = YES;
				CLANG_WARN_SUSPICIOUS_MOVE = YES;
				CLANG_WARN_UNGUARDED_AVAILABILITY = YES_AGGRESSIVE;
				CLANG_WARN_UNREACHABLE_CODE = YES;
				CLANG_WARN__DUPLICATE_METHOD_MATCH = YES;
				COPY_PHASE_STRIP = NO;
				DEBUG_INFORMATION_FORMAT = dwarf;
				ENABLE_STRICT_OBJC_MSGSEND = YES;
				ENABLE_TESTABILITY = YES;
				GCC_C_LANGUAGE_STANDARD = gnu17;
				GCC_DYNAMIC_NO_PIC = NO;
				GCC_NO_COMMON_BLOCKS = YES;
				GCC_OPTIMIZATION_LEVEL = 0;
				GCC_PREPROCESSOR_DEFINITIONS = "DEBUG=1 $(inherited)";
				GCC_WARN_64_TO_32_BIT_CONVERSION = YES;
				GCC_WARN_ABOUT_RETURN_TYPE = YES_ERROR;
				GCC_WARN_UNDECLARED_SELECTOR = YES;
				GCC_WARN_UNINITIALIZED_AUTOS = YES_AGGRESSIVE;
				GCC_WARN_UNUSED_FUNCTION = YES;
				GCC_WARN_UNUSED_VARIABLE = YES;
				MACOSX_DEPLOYMENT_TARGET = 14.0;
				MTL_ENABLE_DEBUG_INFO = INCLUDE_SOURCE;
				MTL_FAST_MATH = YES;
				ONLY_ACTIVE_ARCH = YES;
				SDKROOT = macosx;
				SWIFT_ACTIVE_COMPILATION_CONDITIONS = "DEBUG $(inherited)";
				SWIFT_OPTIMIZATION_LEVEL = -Onone;
				SWIFT_VERSION = 6.0;
			};
	};

	A9DD297AC466B8C891118663 = {
		isa = XCBuildConfiguration;
		name = Release;
			buildSettings = {
				ALWAYS_SEARCH_USER_PATHS = NO;
				CLANG_ANALYZER_NONNULL = YES;
				CLANG_ANALYZER_NUMBER_OBJECT_CONVERSION = YES_AGGRESSIVE;
				CLANG_CXX_LANGUAGE_STANDARD = "gnu++20";
				CLANG_ENABLE_MODULES = YES;
				CLANG_ENABLE_OBJC_ARC = YES;
				CLANG_WARN_BLOCK_CAPTURE_AUTORELEASING = YES;
				CLANG_WARN_BOOL_CONVERSION = YES;
				CLANG_WARN_COMMA = YES;
				CLANG_WARN_CONSTANT_CONVERSION = YES;
				CLANG_WARN_DEPRECATED_OBJC_IMPLEMENTATIONS = YES;
				CLANG_WARN_DIRECT_OBJC_ISA_USAGE = YES_ERROR;
				CLANG_WARN_DOCUMENTATION_COMMENTS = YES;
				CLANG_WARN_EMPTY_BODY = YES;
				CLANG_WARN_ENUM_CONVERSION = YES;
				CLANG_WARN_INFINITE_RECURSION = YES;
				CLANG_WARN_INT_CONVERSION = YES;
				CLANG_WARN_NON_LITERAL_NULL_CONVERSION = YES;
				CLANG_WARN_OBJC_IMPLICIT_RETAIN_SELF = YES;
				CLANG_WARN_OBJC_LITERAL_CONVERSION = YES;
				CLANG_WARN_OBJC_ROOT_CLASS = YES_ERROR;
				CLANG_WARN_QUOTED_INCLUDE_IN_FRAMEWORK_HEADER = YES;
				CLANG_WARN_RANGE_LOOP_ANALYSIS = YES;
				CLANG_WARN_STRICT_PROTOTYPES = YES;
				CLANG_WARN_SUSPICIOUS_MOVE = YES;
				CLANG_WARN_UNGUARDED_AVAILABILITY = YES_AGGRESSIVE;
				CLANG_WARN_UNREACHABLE_CODE = YES;
				CLANG_WARN__DUPLICATE_METHOD_MATCH = YES;
				COPY_PHASE_STRIP = NO;
				DEBUG_INFORMATION_FORMAT = dwarf-with-dsym;
				ENABLE_NS_ASSERTIONS = NO;
				ENABLE_STRICT_OBJC_MSGSEND = YES;
				ENABLE_TESTABILITY = NO;
				GCC_C_LANGUAGE_STANDARD = gnu17;
				GCC_DYNAMIC_NO_PIC = NO;
				GCC_NO_COMMON_BLOCKS = YES;
				GCC_OPTIMIZATION_LEVEL = s;
				GCC_PREPROCESSOR_DEFINITIONS = "DEBUG=1 $(inherited)";
				GCC_WARN_64_TO_32_BIT_CONVERSION = YES;
				GCC_WARN_ABOUT_RETURN_TYPE = YES_ERROR;
				GCC_WARN_UNDECLARED_SELECTOR = YES;
				GCC_WARN_UNINITIALIZED_AUTOS = YES_AGGRESSIVE;
				GCC_WARN_UNUSED_FUNCTION = YES;
				GCC_WARN_UNUSED_VARIABLE = YES;
				MACOSX_DEPLOYMENT_TARGET = 14.0;
				MTL_ENABLE_DEBUG_INFO = NO;
				MTL_FAST_MATH = YES;
				ONLY_ACTIVE_ARCH = NO;
				SDKROOT = macosx;
				SWIFT_ACTIVE_COMPILATION_CONDITIONS = "$(inherited)";
				SWIFT_COMPILATION_MODE = wholemodule;
				SWIFT_OPTIMIZATION_LEVEL = -O;
				SWIFT_VERSION = 6.0;
			};
	};

	A9EA7632D4F30E1B84B0ED83 = {
		isa = PBXFileReference;
		lastKnownFileType = sourcecode.swift;
		path = Sources/MeowPlannerCore/Services/RepeatRule.swift;
		sourceTree = "<group>";
	};

	AB2E685D5A51CAA78C1DC5C9 = {
		isa = PBXBuildFile;
		fileRef = E53A53935F52CE486D4263E0;
	};

	ABB0BD3E6477DC31DA384312 = {
		isa = PBXBuildFile;
		fileRef = 040686DDAF33884C5AA3A0E9;
	};

	AC0E2599A576534DDAEEE6BF = {
		isa = PBXFileReference;
		explicitFileType = wrapper.app-extension;
		includeInIndex = 0;
		path = MeowPlannerWidgetExtension.appex;
		sourceTree = BUILT_PRODUCTS_DIR;
	};

	AD3052ACAABA800418D9183C = {
		isa = PBXBuildFile;
		fileRef = CA9F46105A03E73480077958;
	};

	ADCF10F76EBF2A74473E9DC4 = {
		isa = PBXGroup;
		children = (
			9642F1047C1002A1EE72F0DB,
			22D02A9EFAC9B3FBBAEBE062,
			D35BDCF6803CCB1A9C4483A8,
			00C45FD35CB0F9C5F764F070,
		);
		sourceTree = "<group>";
	};

	B08FC46ECE5A991DCA2E8F50 = {
		isa = PBXContainerItemProxy;
		containerPortal = 98F54143AB4E86B28C3AFEE0;
		proxyType = 1;
		remoteGlobalIDString = 79AA44DEE589D8B8E96A0A8C;
		remoteInfo = MeowPlannerWidgetExtension;
	};

	B164D1D1F9F24A52ABC7C998 = {
		isa = PBXBuildFile;
		fileRef = 0BD8C2DCCBA78DBEAED23746;
	};

	B2809A80D8BBF7637877AF03 = {
		isa = PBXFileReference;
		lastKnownFileType = text.plist.xml;
		path = Config/MeowPlannerWidget-Info.plist;
		sourceTree = "<group>";
	};

	B61D1DB7C52FAB98461FDF38 = {
		isa = PBXBuildFile;
		fileRef = 53FFE9382A5AE05C52D0840B;
	};

	B635C4FA90627088C740A29D = {
		isa = PBXBuildFile;
		fileRef = 077911CF831D31482C0E5BC3;
	};

	B69255CAB8D007CF6045AB72 = {
		isa = PBXFileReference;
		lastKnownFileType = text.plist.xml;
		path = Config/MeowPlannerWidget.entitlements;
		sourceTree = "<group>";
	};

	B7241800D60C73BB38025BBB = {
		isa = PBXFileReference;
		lastKnownFileType = image.icns;
		path = Resources/AppIcon/AppIcon.icns;
		sourceTree = "<group>";
	};

	B7EAC8CC8C657E710C49089A = {
		isa = PBXBuildFile;
		fileRef = F8E02A668A3786424C440995;
	};

	B7FA11469469AE30EBA97782 = {
		isa = PBXBuildFile;
		fileRef = 9BD0F17E21CEFBA550AE1533;
	};

	B9056A05FB7CE51EC5814456 = {
		isa = PBXFileReference;
		lastKnownFileType = sourcecode.swift;
		path = Sources/MeowPlannerApp/Views/Navigation/IOSNavigationShellView.swift;
		sourceTree = "<group>";
	};

	B9F3A196ACBA4274A5989E23 = {
		isa = PBXBuildFile;
		fileRef = 0267AA73F45008C1962BF988;
	};

	BA082060FD30FBAFEFF2D3F8 = {
		isa = PBXBuildFile;
		fileRef = 38F6F5CA40C95F3BE67F769C;
	};

	BA44B14C8F78B2A72038244D = {
		isa = XCConfigurationList;
		buildConfigurations = (
			BA4BCFA4F8F780ECC73AB3D9,
			F617DBCE4425E01FBD290EA0,
		);
		defaultConfigurationIsVisible = 0;
		defaultConfigurationName = Release;
	};

	BA4BCFA4F8F780ECC73AB3D9 = {
		isa = XCBuildConfiguration;
		name = Debug;
			buildSettings = {
				CODE_SIGN_STYLE = Automatic;
				DEVELOPMENT_ASSET_PATHS = "";
				DEVELOPMENT_TEAM = "";
				ENABLE_PREVIEWS = YES;
				GENERATE_INFOPLIST_FILE = YES;
				LD_DYLIB_INSTALL_NAME = "@rpath/$(EXECUTABLE_PATH)";
				MACH_O_TYPE = mh_dylib;
				MACOSX_DEPLOYMENT_TARGET = 14.0;
				PRODUCT_BUNDLE_IDENTIFIER = com.yuelingqiu.MeowPlannerCore;
				PRODUCT_NAME = "$(TARGET_NAME)";
				SDKROOT = macosx;
				SKIP_INSTALL = YES;
				SUPPORTED_PLATFORMS = macosx;
				SWIFT_VERSION = 6.0;
			};
	};

	BA7E1C7367EC6EFBDB2CE701 = {
		isa = PBXFileReference;
		lastKnownFileType = sourcecode.swift;
		path = Sources/MeowPlannerCore/Models/PlannerEvent.swift;
		sourceTree = "<group>";
	};

	BAB034FFDE4733FB69333010 = {
		isa = PBXBuildFile;
		fileRef = 40D49E1B20A7685EB0570DC4;
	};

	BB3C8E85EDA748D94DDC2AF8 = {
		isa = PBXBuildFile;
		fileRef = 6FAF30DB61499C49B3447D9A;
	};

	BC3E3253E23F644D0E360691 = {
		isa = PBXBuildFile;
		fileRef = F268C2EF0E946006FC57F088;
	};

	BDC75CA619DD1F6251DB3631 = {
		isa = PBXFrameworksBuildPhase;
		buildActionMask = 2147483647;
		files = (
		);
		runOnlyForDeploymentPostprocessing = 0;
	};

	BEC6BEE8F448C35268B19E6E = {
		isa = PBXFileReference;
		lastKnownFileType = sourcecode.swift;
		path = Sources/MeowPlannerApp/Support/AccountScopedModelContainerStore.swift;
		sourceTree = "<group>";
	};

	BF533C5A7D54E18C37C98089 = {
		isa = PBXFileReference;
		lastKnownFileType = sourcecode.swift;
		path = Sources/MeowPlannerCore/Services/TodoListPlanner.swift;
		sourceTree = "<group>";
	};

	BFC330992C91B47C3543A2F9 = {
		isa = PBXBuildFile;
		fileRef = A57EE86928424FF1ED949908;
	};

	BFE3C6F343234E2F26520FB8 = {
		isa = PBXFileReference;
		lastKnownFileType = sourcecode.swift;
		path = Sources/MeowPlannerCore/Models/PlannerPreference.swift;
		sourceTree = "<group>";
	};

	C09B1DBCC25AAEE0A7DAAF7F = {
		isa = XCBuildConfiguration;
		name = Debug;
			buildSettings = {
				APPLICATION_EXTENSION_API_ONLY = YES;
				CODE_SIGN_ENTITLEMENTS = Config/MeowPlannerWidget.entitlements;
				CODE_SIGN_STYLE = Automatic;
				COMBINE_HIDPI_IMAGES = YES;
				DEVELOPMENT_ASSET_PATHS = "";
				DEVELOPMENT_TEAM = "";
				ENABLE_PREVIEWS = YES;
				INFOPLIST_FILE = Config/MeowPlannerWidget-Info.plist;
				LD_RUNPATH_SEARCH_PATHS = (
					"$(inherited)",
					"@executable_path/../Frameworks",
					"@executable_path/../../../../Frameworks",
				);
				MACOSX_DEPLOYMENT_TARGET = 14.0;
				PRODUCT_BUNDLE_IDENTIFIER = com.yuelingqiu.MeowPlanner.MeowPlannerWidget;
				PRODUCT_NAME = "$(TARGET_NAME)";
				SDKROOT = macosx;
				SKIP_INSTALL = YES;
				SUPPORTED_PLATFORMS = macosx;
				SWIFT_ACTIVE_COMPILATION_CONDITIONS = "$(inherited) MEOWPLANNER_WIDGET_EXTENSION";
				SWIFT_VERSION = 6.0;
			};
	};

	C14FAFB0D28B2D8893208036 = {
		isa = PBXBuildFile;
		productRef = 147C4662444631333629C1A4;
	};

	C195057EFA88F54C498DCACD = {
		isa = PBXBuildFile;
		fileRef = 5B80C87A96566DBD71652C47;
	};

	C1C5BD7ADCAAC8684B17B7BA = {
		isa = PBXContainerItemProxy;
		containerPortal = 98F54143AB4E86B28C3AFEE0;
		proxyType = 1;
		remoteGlobalIDString = 32EE9AFB3F7ED84151A02352;
		remoteInfo = MeowPlannerCore-iOS;
	};

	C364103CA628B7E879945176 = {
		isa = PBXBuildFile;
		fileRef = E690C80D303B3712DD0BEB48;
	};

	C3AEACE441B1CAE00BC3B1A3 = {
		isa = PBXBuildFile;
		fileRef = F7EC414B16694B6CDA0FEFCB;
	};

	C454C15D80121CBA073EEBE8 = {
		isa = PBXFileReference;
		explicitFileType = wrapper.framework;
		includeInIndex = 0;
		path = MeowPlannerCore.framework;
		sourceTree = BUILT_PRODUCTS_DIR;
	};

	C480D2B0C8603016FD1BDB41 = {
		isa = PBXBuildFile;
		fileRef = C454C15D80121CBA073EEBE8;
		settings = {ATTRIBUTES = (CodeSignOnCopy, RemoveHeadersOnCopy, ); };
	};

	C73243B5FB5F509A92B71410 = {
		isa = PBXBuildFile;
		fileRef = 487F8947B8888C7A6F3A3EBA;
	};

	C78748F0939CCFE4B40764C7 = {
		isa = XCBuildConfiguration;
		name = Debug;
			buildSettings = {
				CODE_SIGN_ENTITLEMENTS = Config/MeowPlanner.entitlements;
				CODE_SIGN_STYLE = Automatic;
				COMBINE_HIDPI_IMAGES = YES;
				DEVELOPMENT_ASSET_PATHS = "";
				DEVELOPMENT_TEAM = "";
				ENABLE_HARDENED_RUNTIME = YES;
				ENABLE_PREVIEWS = YES;
				INFOPLIST_FILE = Config/MeowPlanner-Info.plist;
				LD_RUNPATH_SEARCH_PATHS = (
					"$(inherited)",
					"@executable_path/../Frameworks",
				);
				MACOSX_DEPLOYMENT_TARGET = 14.0;
				PRODUCT_BUNDLE_IDENTIFIER = com.yuelingqiu.MeowPlanner;
				PRODUCT_NAME = "$(TARGET_NAME)";
				SDKROOT = macosx;
				SUPPORTED_PLATFORMS = macosx;
				SWIFT_VERSION = 6.0;
			};
	};

	CA9F46105A03E73480077958 = {
		isa = PBXFileReference;
		lastKnownFileType = sourcecode.swift;
		path = Sources/MeowPlannerCore/Support/WidgetAppIntents.swift;
		sourceTree = "<group>";
	};

	CB3F4B47C272D7ADDE0A677B = {
		isa = PBXBuildFile;
		fileRef = CCA63CB7527ABBF324CEFF38;
	};

	CBDA3B6C730EE3E33B1C7F85 = {
		isa = PBXFileReference;
		lastKnownFileType = sourcecode.swift;
		path = Sources/MeowPlannerApp/App/MeowPlannerApp.swift;
		sourceTree = "<group>";
	};

	CCA63CB7527ABBF324CEFF38 = {
		isa = PBXFileReference;
		lastKnownFileType = sourcecode.swift;
		path = Sources/MeowPlannerApp/Support/AppDockIconController.swift;
		sourceTree = "<group>";
	};

	CD36D04A0D233D029CECD97A = {
		isa = XCConfigurationList;
		buildConfigurations = (
			C78748F0939CCFE4B40764C7,
			8CB711CD9B55FA7DDBA25370,
		);
		defaultConfigurationIsVisible = 0;
		defaultConfigurationName = Release;
	};

	CD39EB362757501DD18C7617 = {
		isa = PBXFileReference;
		lastKnownFileType = sourcecode.swift;
		path = Sources/MeowPlannerApp/Views/Habits/HabitsView.swift;
		sourceTree = "<group>";
	};

	CF8D0BD4B75E8C2C174692A5 = {
		isa = PBXGroup;
		children = (
			CBDA3B6C730EE3E33B1C7F85,
			BEC6BEE8F448C35268B19E6E,
			18DBB8BE4C04D49695695A1A,
			CCA63CB7527ABBF324CEFF38,
			5B80C87A96566DBD71652C47,
			E7948FDA3B2676DF5F2B24D0,
			80A4E000E88AD50B54F4D379,
			9C3436D9FF1FCD30564D1D85,
			487F8947B8888C7A6F3A3EBA,
			F8E02A668A3786424C440995,
			7C40F8326F1BBC3FE53E3479,
			E858B06DEA1C8868C56E34B6,
			547C45178EDD46F7C2D621D9,
			077911CF831D31482C0E5BC3,
			D315528429EBD4EC4D08CD4B,
			9BD0F17E21CEFBA550AE1533,
			0267AA73F45008C1962BF988,
			F7EC414B16694B6CDA0FEFCB,
			FA98C30EA1AFDA9CBB767013,
			CD39EB362757501DD18C7617,
			F268C2EF0E946006FC57F088,
			B9056A05FB7CE51EC5814456,
			6FAF30DB61499C49B3447D9A,
			1B6C00CDB3AE603833DF830D,
			27F37EBD6A4EDE31E2A8E34C,
			30DDC48266F587766CB1FFA4,
			7E63C62518AC3EFFAAF99745,
			A57EE86928424FF1ED949908,
		);
		name = MeowPlannerApp;
		sourceTree = "<group>";
	};

	CFE091619B11103B174A8AF4 = {
		isa = PBXFileReference;
		explicitFileType = wrapper.framework;
		includeInIndex = 0;
		path = MeowPlannerCore.framework;
		sourceTree = BUILT_PRODUCTS_DIR;
	};

	D0A8402802E0226BE82F7B66 = {
		isa = PBXFileReference;
		lastKnownFileType = sourcecode.swift;
		path = Sources/MeowPlannerCore/Services/HabitStreakCalculator.swift;
		sourceTree = "<group>";
	};

	D1437EC8B13931E48C336D6F = {
		isa = PBXBuildFile;
		fileRef = 9C3436D9FF1FCD30564D1D85;
	};

	D27DCC1DA3F345482C48F8D7 = {
		isa = PBXBuildFile;
		productRef = 03B5A24E19D20744E267F0DB;
	};

	D315528429EBD4EC4D08CD4B = {
		isa = PBXFileReference;
		lastKnownFileType = sourcecode.swift;
		path = Sources/MeowPlannerApp/Views/Calendar/CalendarHomeView.swift;
		sourceTree = "<group>";
	};

	D35BDCF6803CCB1A9C4483A8 = {
		isa = PBXGroup;
		children = (
			4C89319678BA0EBFF93AE4C8,
			F515A2AF50D48F2409713C78,
			9BC83747FFC87A8482E5AAC2,
			B2809A80D8BBF7637877AF03,
			B69255CAB8D007CF6045AB72,
			A85DCC5CA3517463523BB532,
			0CAD04C79FF72FFF6BEA75D4,
		);
		name = Config;
		sourceTree = "<group>";
	};

	D45CB4A487390B4D06F7B760 = {
		isa = PBXGroup;
		children = (
			7BBB06F616B17D6828A01C39,
			460E7B1D737E4860D4B70AF2,
			E690C80D303B3712DD0BEB48,
			D97EF31D3D4544224A1353F2,
		);
		name = MeowPlannerWidget;
		sourceTree = "<group>";
	};

	D490E87E55B480C82A0659D9 = {
		isa = PBXFileReference;
		lastKnownFileType = file;
		path = Resources/Background.png;
		sourceTree = "<group>";
	};

	D50654178BF459833F2FB647 = {
		isa = PBXBuildFile;
		fileRef = 1277AA39ABF53256B86CC887;
	};

	D8547D30C056663E71FE08EC = {
		isa = PBXFileReference;
		lastKnownFileType = sourcecode.swift;
		path = Sources/MeowPlannerCore/Services/ReminderPlanner.swift;
		sourceTree = "<group>";
	};

	D97EF31D3D4544224A1353F2 = {
		isa = PBXFileReference;
		lastKnownFileType = sourcecode.swift;
		path = Sources/MeowPlannerWidget/MeowPlannerWidgetModule.swift;
		sourceTree = "<group>";
	};

	D9AB55E359FA071399010423 = {
		isa = PBXBuildFile;
		fileRef = CA9F46105A03E73480077958;
	};

	DA02863872E437B61F417B3F = {
		isa = PBXBuildFile;
		fileRef = 80A4E000E88AD50B54F4D379;
	};

	DA154C6E83CCDA3C7DD4F930 = {
		isa = PBXBuildFile;
		fileRef = 4C89319678BA0EBFF93AE4C8;
	};

	DC89317E58B0CDB0BB42AE72 = {
		isa = PBXBuildFile;
		fileRef = 80A4E000E88AD50B54F4D379;
	};

	DE9C6856187F82F72B9E832A = {
		isa = PBXBuildFile;
		fileRef = 707AA3AEAD226634825065D1;
	};

	E107676B3776172843A29847 = {
		isa = PBXBuildFile;
		fileRef = 6FAF30DB61499C49B3447D9A;
	};

	E30E66B038E186C2CC3C4724 = {
		isa = PBXBuildFile;
		fileRef = BFE3C6F343234E2F26520FB8;
	};

	E3E3E961C3E2CF147641CE5A = {
		isa = PBXBuildFile;
		fileRef = D0A8402802E0226BE82F7B66;
	};

	E4F62078DD11B2ABC323E3C0 = {
		isa = PBXBuildFile;
		fileRef = 7E63C62518AC3EFFAAF99745;
	};

	E53A53935F52CE486D4263E0 = {
		isa = PBXFileReference;
		lastKnownFileType = sourcecode.swift;
		path = Sources/MeowPlannerCore/Support/AppLanguage.swift;
		sourceTree = "<group>";
	};

	E690C80D303B3712DD0BEB48 = {
		isa = PBXFileReference;
		lastKnownFileType = sourcecode.swift;
		path = Sources/MeowPlannerWidget/MeowPlannerWidgetIntentsPackage.swift;
		sourceTree = "<group>";
	};

	E7948FDA3B2676DF5F2B24D0 = {
		isa = PBXFileReference;
		lastKnownFileType = sourcecode.swift;
		path = Sources/MeowPlannerApp/Support/AppLanguageEnvironment.swift;
		sourceTree = "<group>";
	};

	E858B06DEA1C8868C56E34B6 = {
		isa = PBXFileReference;
		lastKnownFileType = sourcecode.swift;
		path = Sources/MeowPlannerApp/Support/WidgetTimelineSyncService.swift;
		sourceTree = "<group>";
	};

	E99494170CD77D44A07783B5 = {
		isa = PBXBuildFile;
		fileRef = AC0E2599A576534DDAEEE6BF;
		settings = {ATTRIBUTES = (CodeSignOnCopy, RemoveHeadersOnCopy, ); };
	};

	EA733E1334E307185C91DF03 = {
		isa = XCConfigurationList;
		buildConfigurations = (
			A9497CE23FDDC0787512981E,
			A9DD297AC466B8C891118663,
		);
		defaultConfigurationIsVisible = 0;
		defaultConfigurationName = Release;
	};

	EA9AD785F71D093EBAA17122 = {
		isa = PBXBuildFile;
		fileRef = 2D73DD39EB548CA26DB48708;
	};

	EBEA5461ED0D7C63F9C1612E = {
		isa = PBXBuildFile;
		fileRef = 2D73DD39EB548CA26DB48708;
	};

	EC2A9CBA22B66AD008E8DFC4 = {
		isa = PBXBuildFile;
		fileRef = BF533C5A7D54E18C37C98089;
	};

	EF6414F41B285D930A41078C = {
		isa = PBXBuildFile;
		fileRef = 7BBB06F616B17D6828A01C39;
	};

	F175EDC040AE768BED34CAA4 = {
		isa = PBXFileReference;
		explicitFileType = wrapper.application;
		includeInIndex = 0;
		path = MeowPlanner.app;
		sourceTree = BUILT_PRODUCTS_DIR;
	};

	F268C2EF0E946006FC57F088 = {
		isa = PBXFileReference;
		lastKnownFileType = sourcecode.swift;
		path = Sources/MeowPlannerApp/Views/MenuBar/MeowPlannerMenuBarView.swift;
		sourceTree = "<group>";
	};

	F35C76A143A1080A06A20D54 = {
		isa = PBXFileReference;
		lastKnownFileType = folder.assetcatalog;
		path = Resources/iOSAssets.xcassets;
		sourceTree = "<group>";
	};

	F3CF8CAD9CA1DF5FED4BB149 = {
		isa = PBXBuildFile;
		fileRef = BEC6BEE8F448C35268B19E6E;
	};

	F49B7FC24B9B5C2259BA490E = {
		isa = XCBuildConfiguration;
		name = Release;
			buildSettings = {
				APPLICATION_EXTENSION_API_ONLY = YES;
				CODE_SIGN_ENTITLEMENTS = Config/MeowPlannerWidget.entitlements;
				CODE_SIGN_STYLE = Automatic;
				COMBINE_HIDPI_IMAGES = YES;
				DEVELOPMENT_ASSET_PATHS = "";
				DEVELOPMENT_TEAM = "";
				ENABLE_PREVIEWS = YES;
				INFOPLIST_FILE = Config/MeowPlannerWidget-Info.plist;
				LD_RUNPATH_SEARCH_PATHS = (
					"$(inherited)",
					"@executable_path/../Frameworks",
					"@executable_path/../../../../Frameworks",
				);
				MACOSX_DEPLOYMENT_TARGET = 14.0;
				PRODUCT_BUNDLE_IDENTIFIER = com.yuelingqiu.MeowPlanner.MeowPlannerWidget;
				PRODUCT_NAME = "$(TARGET_NAME)";
				SDKROOT = macosx;
				SKIP_INSTALL = YES;
				SUPPORTED_PLATFORMS = macosx;
				SWIFT_ACTIVE_COMPILATION_CONDITIONS = "$(inherited) MEOWPLANNER_WIDGET_EXTENSION";
				SWIFT_VERSION = 6.0;
			};
	};

	F515A2AF50D48F2409713C78 = {
		isa = PBXFileReference;
		lastKnownFileType = text.plist.xml;
		path = Config/MeowPlanner-Info.plist;
		sourceTree = "<group>";
	};

	F58144AD183ACA44F77FE92B = {
		isa = PBXBuildFile;
		fileRef = D490E87E55B480C82A0659D9;
	};

	F617DBCE4425E01FBD290EA0 = {
		isa = XCBuildConfiguration;
		name = Release;
			buildSettings = {
				CODE_SIGN_STYLE = Automatic;
				DEVELOPMENT_ASSET_PATHS = "";
				DEVELOPMENT_TEAM = "";
				ENABLE_PREVIEWS = YES;
				GENERATE_INFOPLIST_FILE = YES;
				LD_DYLIB_INSTALL_NAME = "@rpath/$(EXECUTABLE_PATH)";
				MACH_O_TYPE = mh_dylib;
				MACOSX_DEPLOYMENT_TARGET = 14.0;
				PRODUCT_BUNDLE_IDENTIFIER = com.yuelingqiu.MeowPlannerCore;
				PRODUCT_NAME = "$(TARGET_NAME)";
				SDKROOT = macosx;
				SKIP_INSTALL = YES;
				SUPPORTED_PLATFORMS = macosx;
				SWIFT_VERSION = 6.0;
			};
	};

	F6765301EDE5D0D1760F6489 = {
		isa = PBXBuildFile;
		fileRef = A57EE86928424FF1ED949908;
	};

	F7EC414B16694B6CDA0FEFCB = {
		isa = PBXFileReference;
		lastKnownFileType = sourcecode.swift;
		path = Sources/MeowPlannerApp/Views/Components/FuFuEmptyStateView.swift;
		sourceTree = "<group>";
	};

	F8E02A668A3786424C440995 = {
		isa = PBXFileReference;
		lastKnownFileType = sourcecode.swift;
		path = Sources/MeowPlannerApp/Support/MeowPlannerAppIntentsPackage.swift;
		sourceTree = "<group>";
	};

	FA336494A35D0CC3BF74185E = {
		isa = PBXResourcesBuildPhase;
		buildActionMask = 2147483647;
		files = (
		);
		runOnlyForDeploymentPostprocessing = 0;
	};

	FA78844A2572155505BA5C8B = {
		isa = PBXBuildFile;
		fileRef = 7FF8FB72BD89E0B90E4D0601;
	};

	FA98C30EA1AFDA9CBB767013 = {
		isa = PBXFileReference;
		lastKnownFileType = sourcecode.swift;
		path = Sources/MeowPlannerApp/Views/Focus/FocusView.swift;
		sourceTree = "<group>";
	};

	FB2EDE17BEE61AFC2B88A112 = {
		isa = PBXFileReference;
		lastKnownFileType = file;
		path = Resources/iOSBackgroundDark.png;
		sourceTree = "<group>";
	};

	FC8F5A85394B0D5FF7E93AFA = {
		isa = PBXGroup;
		children = (
			721CE965314E162B64D1610B,
			40D49E1B20A7685EB0570DC4,
			24A04CAA495D579768B6F716,
			773DCE90197176C4D5385F3A,
			1E77D2F5881A167064871C23,
			BA7E1C7367EC6EFBDB2CE701,
			BFE3C6F343234E2F26520FB8,
			7FF8FB72BD89E0B90E4D0601,
			040686DDAF33884C5AA3A0E9,
			2D73DD39EB548CA26DB48708,
			8F94AC40C231E5522EA03CB1,
			9D84EEF9584A8114C70E9EFB,
			95544B4881D053A1832F0761,
			38F6F5CA40C95F3BE67F769C,
			77AC5BEE7E35599433E83154,
			D0A8402802E0226BE82F7B66,
			5229A11767BD315215460B82,
			D8547D30C056663E71FE08EC,
			A9EA7632D4F30E1B84B0ED83,
			BF533C5A7D54E18C37C98089,
			33193FACACEF39E3A48ED164,
			E53A53935F52CE486D4263E0,
			707AA3AEAD226634825065D1,
			1277AA39ABF53256B86CC887,
			CA9F46105A03E73480077958,
			53FFE9382A5AE05C52D0840B,
		);
		name = MeowPlannerCore;
		sourceTree = "<group>";
	};

	FCA728FFE2D71BE926F8528E = {
		isa = PBXBuildFile;
		fileRef = 18DBB8BE4C04D49695695A1A;
	};
	};
	rootObject = 98F54143AB4E86B28C3AFEE0;
}
